PODS:
  - Swifter (2.4.0)

DEPENDENCIES:
  - Swifter (from `https://github.com/mattdonnelly/Swifter.git`)

EXTERNAL SOURCES:
  Swifter:
    :git: https://github.com/mattdonnelly/Swifter.git

CHECKOUT OPTIONS:
  Swifter:
    :commit: 7906c9476f612fc2a77c38f4731d4bc618cea6a8
    :git: https://github.com/mattdonnelly/Swifter.git

SPEC CHECKSUMS:
  Swifter: 0955a05325dc182fabfb1468305aef887180e0f1

PODFILE CHECKSUM: 08e2b6b789771c2d3d8c9ad53bc9fb9caf9954e7

COCOAPODS: 1.10.0
